<?xml version="1.0" encoding="utf-8"?>
<Project ToolsVersion="4.0" xmlns="http://schemas.microsoft.com/developer/msbuild/2003">
  <ItemGroup>
    <Filter Include="Buffers">
      <UniqueIdentifier>{6ba958fd-1c59-4e0b-b67a-ea35569ddb60}</UniqueIdentifier>
    </Filter>
    <Filter Include="ModelLoader">
      <UniqueIdentifier>{a58f19b2-6858-48ec-a3b9-a7faa0f9f1aa}</UniqueIdentifier>
    </Filter>
    <Filter Include="RenderPasses">
      <UniqueIdentifier>{a33c62de-be8b-4f60-9106-46909d9840c5}</UniqueIdentifier>
    </Filter>
    <Filter Include="PostProcessing">
      <UniqueIdentifier>{8510ffd4-89db-477c-baa0-12a8b1d7131a}</UniqueIdentifier>
    </Filter>
    <Filter Include="Engine">
      <UniqueIdentifier>{a5bd9f21-b01c-46a9-bbf1-7e6467999c90}</UniqueIdentifier>
    </Filter>
    <Filter Include="Graphics">
      <UniqueIdentifier>{ca82d85a-9593-4f61-973a-d0cf9f43c669}</UniqueIdentifier>
    </Filter>
    <Filter Include="External">
      <UniqueIdentifier>{590b127f-adaf-479c-8335-4c9f96b74e13}</UniqueIdentifier>
    </Filter>
    <Filter Include="Shaders">
      <UniqueIdentifier>{7d23b8b5-53cc-4879-aa55-25c17123d00a}</UniqueIdentifier>
    </Filter>
    <Filter Include="Graphics\Debug">
      <UniqueIdentifier>{4ae2e3f0-f76d-4fb9-ac74-6c445e8cb2eb}</UniqueIdentifier>
    </Filter>
  </ItemGroup>
  <ItemGroup>
    <ClCompile Include="Framebuffer.cpp">
      <Filter>Buffers</Filter>
    </ClCompile>
    <ClCompile Include="VAO.cpp">
      <Filter>Buffers</Filter>
    </ClCompile>
    <ClCompile Include="VertexBuffer.cpp">
      <Filter>Buffers</Filter>
    </ClCompile>
    <ClCompile Include="IndexBuffer.cpp">
      <Filter>Buffers</Filter>
    </ClCompile>
    <ClCompile Include="Renderbuffer.cpp">
      <Filter>Buffers</Filter>
    </ClCompile>
    <ClCompile Include="BatchedMeshCreator.cpp">
      <Filter>ModelLoader</Filter>
    </ClCompile>
    <ClCompile Include="Cubemap.cpp">
      <Filter>ModelLoader</Filter>
    </ClCompile>
    <ClCompile Include="DrawableObject.cpp">
      <Filter>ModelLoader</Filter>
    </ClCompile>
    <ClCompile Include="Mesh.cpp">
      <Filter>ModelLoader</Filter>
    </ClCompile>
    <ClCompile Include="Model.cpp">
      <Filter>ModelLoader</Filter>
    </ClCompile>
    <ClCompile Include="Texture.cpp">
      <Filter>ModelLoader</Filter>
    </ClCompile>
    <ClCompile Include="TextureArray.cpp">
      <Filter>ModelLoader</Filter>
    </ClCompile>
    <ClCompile Include="CSMDepthPrepass.cpp">
      <Filter>RenderPasses</Filter>
    </ClCompile>
    <ClCompile Include="LightCullingDepthPrepass.cpp">
      <Filter>RenderPasses</Filter>
    </ClCompile>
    <ClCompile Include="ObjectDrawPass.cpp">
      <Filter>RenderPasses</Filter>
    </ClCompile>
    <ClCompile Include="FXAA.cpp">
      <Filter>PostProcessing</Filter>
    </ClCompile>
    <ClCompile Include="Camera.cpp">
      <Filter>Engine</Filter>
    </ClCompile>
    <ClCompile Include="main.cpp">
      <Filter>Engine</Filter>
    </ClCompile>
    <ClCompile Include="EngineUtils.cpp">
      <Filter>Engine</Filter>
    </ClCompile>
    <ClCompile Include="Window.cpp">
      <Filter>Engine</Filter>
    </ClCompile>
    <ClCompile Include="RenderPass.cpp">
      <Filter>RenderPasses</Filter>
    </ClCompile>
    <ClCompile Include="ShaderProgram.cpp">
      <Filter>Graphics</Filter>
    </ClCompile>
    <ClCompile Include="CSMShadowMaps.cpp">
      <Filter>Graphics</Filter>
    </ClCompile>
    <ClCompile Include="LightGenerator.cpp">
      <Filter>Engine</Filter>
    </ClCompile>
    <ClCompile Include="PointLightBuffer.cpp">
      <Filter>Graphics</Filter>
    </ClCompile>
    <ClCompile Include="ComputeShader.cpp">
      <Filter>Graphics</Filter>
    </ClCompile>
    <ClCompile Include="GraphicsEngineSetupUtil.cpp">
      <Filter>Graphics</Filter>
    </ClCompile>
    <ClCompile Include="CubedSphere.cpp">
      <Filter>Graphics\Debug</Filter>
    </ClCompile>
    <ClCompile Include="DrawDebugLights.cpp">
      <Filter>Graphics\Debug</Filter>
    </ClCompile>
    <ClCompile Include="DebugLightsPass.cpp">
      <Filter>Graphics\Debug</Filter>
    </ClCompile>
    <ClCompile Include="DrawLightCullingDepthMap.cpp">
      <Filter>Graphics\Debug</Filter>
    </ClCompile>
    <ClCompile Include="LightCullingDepthMapDrawPass.cpp">
      <Filter>Graphics\Debug</Filter>
    </ClCompile>
    <ClCompile Include="GraphicsEngine.cpp">
      <Filter>Engine</Filter>
    </ClCompile>
    <ClCompile Include="InputProcessor.cpp">
      <Filter>Engine</Filter>
    </ClCompile>
  </ItemGroup>
  <ItemGroup>
    <ClInclude Include="IndexBuffer.h">
      <Filter>Buffers</Filter>
    </ClInclude>
    <ClInclude Include="VAO.h">
      <Filter>Buffers</Filter>
    </ClInclude>
    <ClInclude Include="VertexBuffer.h">
      <Filter>Buffers</Filter>
    </ClInclude>
    <ClInclude Include="Framebuffer.h">
      <Filter>Buffers</Filter>
    </ClInclude>
    <ClInclude Include="Renderbuffer.h">
      <Filter>Buffers</Filter>
    </ClInclude>
    <ClInclude Include="BatchedMeshCreator.h">
      <Filter>ModelLoader</Filter>
    </ClInclude>
    <ClInclude Include="Cubemap.h">
      <Filter>ModelLoader</Filter>
    </ClInclude>
    <ClInclude Include="DrawableObject.h">
      <Filter>ModelLoader</Filter>
    </ClInclude>
    <ClInclude Include="MaterialData.h">
      <Filter>ModelLoader</Filter>
    </ClInclude>
    <ClInclude Include="Mesh.h">
      <Filter>ModelLoader</Filter>
    </ClInclude>
    <ClInclude Include="Model.h">
      <Filter>ModelLoader</Filter>
    </ClInclude>
    <ClInclude Include="Texture.h">
      <Filter>ModelLoader</Filter>
    </ClInclude>
    <ClInclude Include="TextureArray.h">
      <Filter>ModelLoader</Filter>
    </ClInclude>
    <ClInclude Include="StorageBuffer.h">
      <Filter>Buffers</Filter>
    </ClInclude>
    <ClInclude Include="CSMDepthPrepass.h">
      <Filter>RenderPasses</Filter>
    </ClInclude>
    <ClInclude Include="LightCullingDepthPrepass.h">
      <Filter>RenderPasses</Filter>
    </ClInclude>
    <ClInclude Include="ObjectDrawPass.h">
      <Filter>RenderPasses</Filter>
    </ClInclude>
    <ClInclude Include="RenderPass.h">
      <Filter>RenderPasses</Filter>
    </ClInclude>
    <ClInclude Include="FXAA.h">
      <Filter>PostProcessing</Filter>
    </ClInclude>
    <ClInclude Include="Camera.h">
      <Filter>Engine</Filter>
    </ClInclude>
    <ClInclude Include="LightGenerator.h">
      <Filter>Engine</Filter>
    </ClInclude>
    <ClInclude Include="EngineUtils.h">
      <Filter>Engine</Filter>
    </ClInclude>
    <ClInclude Include="Window.h">
      <Filter>Engine</Filter>
    </ClInclude>
    <ClInclude Include="DirectionalLight.h">
      <Filter>Graphics</Filter>
    </ClInclude>
    <ClInclude Include="PointLight.h">
      <Filter>Graphics</Filter>
    </ClInclude>
    <ClInclude Include="ShaderProgram.h">
      <Filter>Graphics</Filter>
    </ClInclude>
    <ClInclude Include="CSMShadowMaps.h">
      <Filter>Graphics</Filter>
    </ClInclude>
    <ClInclude Include="stb_image.h">
      <Filter>External</Filter>
    </ClInclude>
    <ClInclude Include="PointLightBuffer.h">
      <Filter>Graphics</Filter>
    </ClInclude>
    <ClInclude Include="ComputeShader.h">
      <Filter>Graphics</Filter>
    </ClInclude>
    <ClInclude Include="GraphicsEngineSetupUtil.h">
      <Filter>Graphics</Filter>
    </ClInclude>
    <ClInclude Include="CubedSphere.h">
      <Filter>Graphics\Debug</Filter>
    </ClInclude>
    <ClInclude Include="DrawDebugLights.h">
      <Filter>Graphics\Debug</Filter>
    </ClInclude>
    <ClInclude Include="DebugLightsPass.h">
      <Filter>Graphics\Debug</Filter>
    </ClInclude>
    <ClInclude Include="DrawLightCullingDepthMap.h">
      <Filter>Graphics\Debug</Filter>
    </ClInclude>
    <ClInclude Include="LightCullingDepthMapDrawPass.h">
      <Filter>Graphics\Debug</Filter>
    </ClInclude>
    <ClInclude Include="GraphicsEngine.h">
      <Filter>Engine</Filter>
    </ClInclude>
    <ClInclude Include="InputProcessor.h">
      <Filter>Engine</Filter>
    </ClInclude>
  </ItemGroup>
  <ItemGroup>
    <None Include="Shaders\depthDBG.frag">
      <Filter>Shaders</Filter>
    </None>
    <None Include="Shaders\depthDBG.vert">
      <Filter>Shaders</Filter>
    </None>
    <None Include="Shaders\depthMap.frag">
      <Filter>Shaders</Filter>
    </None>
    <None Include="Shaders\depthMap.vert">
      <Filter>Shaders</Filter>
    </None>
    <None Include="Shaders\FXAA.frag">
      <Filter>Shaders</Filter>
    </None>
    <None Include="Shaders\FXAA.vert">
      <Filter>Shaders</Filter>
    </None>
    <None Include="Shaders\layeredDepthMap.frag">
      <Filter>Shaders</Filter>
    </None>
    <None Include="Shaders\layeredDepthMap.geom">
      <Filter>Shaders</Filter>
    </None>
    <None Include="Shaders\layeredDepthMap.vert">
      <Filter>Shaders</Filter>
    </None>
    <None Include="Shaders\lightDebug.frag">
      <Filter>Shaders</Filter>
    </None>
    <None Include="Shaders\lightDebug.vert">
      <Filter>Shaders</Filter>
    </None>
    <None Include="Shaders\lightCulling.comp">
      <Filter>Shaders</Filter>
    </None>
    <None Include="Shaders\objectDraw.frag">
      <Filter>Shaders</Filter>
    </None>
    <None Include="Shaders\shared.glsl">
      <Filter>Shaders</Filter>
    </None>
    <None Include="Shaders\objectDraw.vert">
      <Filter>Shaders</Filter>
    </None>
  </ItemGroup>
</Project>